
Microsoft Visual Studio Solution File, Format Version 12.00
# Visual Studio Version 16
VisualStudioVersion = 16.0.31624.102
MinimumVisualStudioVersion = 10.0.40219.1
Project("{FAE04EC0-301F-11D3-BF4B-00C04F79EFBC}") = "ConsoleApp1", "ConsoleApp1\ConsoleApp1.csproj", "{ECF8E905-C511-4FAA-B5A3-3F45AA7E4473}"
EndProject
Global
	GlobalSection(SolutionConfigurationPlatforms) = preSolution
		Debug|Any CPU = Debug|Any CPU
		Release|Any CPU = Release|Any CPU
	EndGlobalSection
	GlobalSection(ProjectConfigurationPlatforms) = postSolution
		{ECF8E905-C511-4FAA-B5A3-3F45AA7E4473}.Debug|Any CPU.ActiveCfg = Debug|Any CPU
		{ECF8E905-C511-4FAA-B5A3-3F45AA7E4473}.Debug|Any CPU.Build.0 = Debug|Any CPU
		{ECF8E905-C511-4FAA-B5A3-3F45AA7E4473}.Release|Any CPU.ActiveCfg = Release|Any CPU
		{ECF8E905-C511-4FAA-B5A3-3F45AA7E4473}.Release|Any CPU.Build.0 = Release|Any CPU
	EndGlobalSection
	GlobalSection(SolutionProperties) = preSolution
		HideSolutionNode = FALSE
	EndGlobalSection
	GlobalSection(ExtensibilityGlobals) = postSolution
		SolutionGuid = {AFC9B74D-2F58-4F51-B63B-7A6A42CCF1B0}
	EndGlobalSection
EndGlobal
